// !$*UTF8*$!
{
	archiveVersion = 1;
	classes = {
	};
	objectVersion = 50;
	objects = {

/* Begin PBXBuildFile section */
		72D016A726A1B6AB00710743 /* AppDelegate.swift in Sources */ = {isa = PBXBuildFile; fileRef = 72D016A626A1B6AB00710743 /* AppDelegate.swift */; };
		72D016A926A1B6AB00710743 /* SceneDelegate.swift in Sources */ = {isa = PBXBuildFile; fileRef = 72D016A826A1B6AB00710743 /* SceneDelegate.swift */; };
		72D016AB26A1B6AB00710743 /* OptionsVC.swift in Sources */ = {isa = PBXBuildFile; fileRef = 72D016AA26A1B6AB00710743 /* OptionsVC.swift */; };
		72D016B026A1B6AF00710743 /* Assets.xcassets in Resources */ = {isa = PBXBuildFile; fileRef = 72D016AF26A1B6AF00710743 /* Assets.xcassets */; };
		72D016B326A1B6AF00710743 /* LaunchScreen.storyboard in Resources */ = {isa = PBXBuildFile; fileRef = 72D016B126A1B6AF00710743 /* LaunchScreen.storyboard */; };
		72D016BB26A1B8FC00710743 /* RoamWheelyEmptyStateView.swift in Sources */ = {isa = PBXBuildFile; fileRef = 72D016BA26A1B8FC00710743 /* RoamWheelyEmptyStateView.swift */; };
		72D016BD26A1B95800710743 /* UIViewController+Ext.swift in Sources */ = {isa = PBXBuildFile; fileRef = 72D016BC26A1B95800710743 /* UIViewController+Ext.swift */; };
		72D016BF26A1B9C500710743 /* UITableView+Ext.swift in Sources */ = {isa = PBXBuildFile; fileRef = 72D016BE26A1B9C500710743 /* UITableView+Ext.swift */; };
		72D016C126A1BA0500710743 /* RoamWheelyTitleLabel.swift in Sources */ = {isa = PBXBuildFile; fileRef = 72D016C026A1BA0500710743 /* RoamWheelyTitleLabel.swift */; };
		72D016C326A1BA9D00710743 /* Constants.swift in Sources */ = {isa = PBXBuildFile; fileRef = 72D016C226A1BA9D00710743 /* Constants.swift */; };
		72D016C526A1BCBC00710743 /* OptionsCell.swift in Sources */ = {isa = PBXBuildFile; fileRef = 72D016C426A1BCBC00710743 /* OptionsCell.swift */; };
		72D016C726A1CF4B00710743 /* RoamWheelyButton.swift in Sources */ = {isa = PBXBuildFile; fileRef = 72D016C626A1CF4B00710743 /* RoamWheelyButton.swift */; };
/* End PBXBuildFile section */

/* Begin PBXFileReference section */
		72D016A326A1B6AB00710743 /* RoamWheely.app */ = {isa = PBXFileReference; explicitFileType = wrapper.application; includeInIndex = 0; path = RoamWheely.app; sourceTree = BUILT_PRODUCTS_DIR; };
		72D016A626A1B6AB00710743 /* AppDelegate.swift */ = {isa = PBXFileReference; lastKnownFileType = sourcecode.swift; path = AppDelegate.swift; sourceTree = "<group>"; };
		72D016A826A1B6AB00710743 /* SceneDelegate.swift */ = {isa = PBXFileReference; lastKnownFileType = sourcecode.swift; path = SceneDelegate.swift; sourceTree = "<group>"; };
		72D016AA26A1B6AB00710743 /* OptionsVC.swift */ = {isa = PBXFileReference; lastKnownFileType = sourcecode.swift; path = OptionsVC.swift; sourceTree = "<group>"; };
		72D016AF26A1B6AF00710743 /* Assets.xcassets */ = {isa = PBXFileReference; lastKnownFileType = folder.assetcatalog; path = Assets.xcassets; sourceTree = "<group>"; };
		72D016B226A1B6AF00710743 /* Base */ = {isa = PBXFileReference; lastKnownFileType = file.storyboard; name = Base; path = Base.lproj/LaunchScreen.storyboard; sourceTree = "<group>"; };
		72D016B426A1B6AF00710743 /* Info.plist */ = {isa = PBXFileReference; lastKnownFileType = text.plist.xml; path = Info.plist; sourceTree = "<group>"; };
		72D016BA26A1B8FC00710743 /* RoamWheelyEmptyStateView.swift */ = {isa = PBXFileReference; lastKnownFileType = sourcecode.swift; path = RoamWheelyEmptyStateView.swift; sourceTree = "<group>"; };
		72D016BC26A1B95800710743 /* UIViewController+Ext.swift */ = {isa = PBXFileReference; lastKnownFileType = sourcecode.swift; path = "UIViewController+Ext.swift"; sourceTree = "<group>"; };
		72D016BE26A1B9C500710743 /* UITableView+Ext.swift */ = {isa = PBXFileReference; fileEncoding = 4; lastKnownFileType = sourcecode.swift; path = "UITableView+Ext.swift"; sourceTree = "<group>"; };
		72D016C026A1BA0500710743 /* RoamWheelyTitleLabel.swift */ = {isa = PBXFileReference; fileEncoding = 4; lastKnownFileType = sourcecode.swift; path = RoamWheelyTitleLabel.swift; sourceTree = "<group>"; };
		72D016C226A1BA9D00710743 /* Constants.swift */ = {isa = PBXFileReference; lastKnownFileType = sourcecode.swift; path = Constants.swift; sourceTree = "<group>"; };
		72D016C426A1BCBC00710743 /* OptionsCell.swift */ = {isa = PBXFileReference; lastKnownFileType = sourcecode.swift; path = OptionsCell.swift; sourceTree = "<group>"; };
		72D016C626A1CF4B00710743 /* RoamWheelyButton.swift */ = {isa = PBXFileReference; lastKnownFileType = sourcecode.swift; path = RoamWheelyButton.swift; sourceTree = "<group>"; };
/* End PBXFileReference section */

/* Begin PBXFrameworksBuildPhase section */
		72D016A026A1B6AB00710743 /* Frameworks */ = {
			isa = PBXFrameworksBuildPhase;
			buildActionMask = 2147483647;
			files = (
			);
			runOnlyForDeploymentPostprocessing = 0;
		};
/* End PBXFrameworksBuildPhase section */

/* Begin PBXGroup section */
		72D0169A26A1B6AB00710743 = {
			isa = PBXGroup;
			children = (
				72D016A526A1B6AB00710743 /* RoamWheely */,
				72D016A426A1B6AB00710743 /* Products */,
			);
			sourceTree = "<group>";
		};
		72D016A426A1B6AB00710743 /* Products */ = {
			isa = PBXGroup;
			children = (
				72D016A326A1B6AB00710743 /* RoamWheely.app */,
			);
			name = Products;
			sourceTree = "<group>";
		};
		72D016A526A1B6AB00710743 /* RoamWheely */ = {
			isa = PBXGroup;
			children = (
				72D016A626A1B6AB00710743 /* AppDelegate.swift */,
				72D016A826A1B6AB00710743 /* SceneDelegate.swift */,
				72D016AF26A1B6AF00710743 /* Assets.xcassets */,
				72D016B126A1B6AF00710743 /* LaunchScreen.storyboard */,
				72D016B426A1B6AF00710743 /* Info.plist */,
				72D016AA26A1B6AB00710743 /* OptionsVC.swift */,
				72D016BA26A1B8FC00710743 /* RoamWheelyEmptyStateView.swift */,
				72D016BC26A1B95800710743 /* UIViewController+Ext.swift */,
				72D016BE26A1B9C500710743 /* UITableView+Ext.swift */,
				72D016C026A1BA0500710743 /* RoamWheelyTitleLabel.swift */,
				72D016C226A1BA9D00710743 /* Constants.swift */,
				72D016C426A1BCBC00710743 /* OptionsCell.swift */,
				72D016C626A1CF4B00710743 /* RoamWheelyButton.swift */,
			);
			path = RoamWheely;
			sourceTree = "<group>";
		};
/* End PBXGroup section */

/* Begin PBXNativeTarget section */
		72D016A226A1B6AB00710743 /* RoamWheely */ = {
			isa = PBXNativeTarget;
			buildConfigurationList = 72D016B726A1B6AF00710743 /* Build configuration list for PBXNativeTarget "RoamWheely" */;
			buildPhases = (
				72D0169F26A1B6AB00710743 /* Sources */,
				72D016A026A1B6AB00710743 /* Frameworks */,
				72D016A126A1B6AB00710743 /* Resources */,
			);
			buildRules = (
			);
			dependencies = (
			);
			name = RoamWheely;
			productName = RoamWheely;
			productReference = 72D016A326A1B6AB00710743 /* RoamWheely.app */;
			productType = "com.apple.product-type.application";
		};
/* End PBXNativeTarget section */

/* Begin PBXProject section */
		72D0169B26A1B6AB00710743 /* Project object */ = {
			isa = PBXProject;
			attributes = {
				LastSwiftUpdateCheck = 1250;
				LastUpgradeCheck = 1250;
				TargetAttributes = {
					72D016A226A1B6AB00710743 = {
						CreatedOnToolsVersion = 12.5;
					};
				};
			};
			buildConfigurationList = 72D0169E26A1B6AB00710743 /* Build configuration list for PBXProject "RoamWheely" */;
			compatibilityVersion = "Xcode 9.3";
			developmentRegion = en;
			hasScannedForEncodings = 0;
			knownRegions = (
				en,
				Base,
			);
			mainGroup = 72D0169A26A1B6AB00710743;
			productRefGroup = 72D016A426A1B6AB00710743 /* Products */;
			projectDirPath = "";
			projectRoot = "";
			targets = (
				72D016A226A1B6AB00710743 /* RoamWheely */,
			);
		};
/* End PBXProject section */

/* Begin PBXResourcesBuildPhase section */
		72D016A126A1B6AB00710743 /* Resources */ = {
			isa = PBXResourcesBuildPhase;
			buildActionMask = 2147483647;
			files = (
				72D016B326A1B6AF00710743 /* LaunchScreen.storyboard in Resources */,
				72D016B026A1B6AF00710743 /* Assets.xcassets in Resources */,
			);
			runOnlyForDeploymentPostprocessing = 0;
		};
/* End PBXResourcesBuildPhase section */

/* Begin PBXSourcesBuildPhase section */
		72D0169F26A1B6AB00710743 /* Sources */ = {
			isa = PBXSourcesBuildPhase;
			buildActionMask = 2147483647;
			files = (
				72D016C126A1BA0500710743 /* RoamWheelyTitleLabel.swift in Sources */,
				72D016AB26A1B6AB00710743 /* OptionsVC.swift in Sources */,
				72D016BB26A1B8FC00710743 /* RoamWheelyEmptyStateView.swift in Sources */,
				72D016BD26A1B95800710743 /* UIViewController+Ext.swift in Sources */,
				72D016C726A1CF4B00710743 /* RoamWheelyButton.swift in Sources */,
				72D016BF26A1B9C500710743 /* UITableView+Ext.swift in Sources */,
				72D016A726A1B6AB00710743 /* AppDelegate.swift in Sources */,
				72D016A926A1B6AB00710743 /* SceneDelegate.swift in Sources */,
				72D016C326A1BA9D00710743 /* Constants.swift in Sources */,
				72D016C526A1BCBC00710743 /* OptionsCell.swift in Sources */,
			);
			runOnlyForDeploymentPostprocessing = 0;
		};
/* End PBXSourcesBuildPhase section */

/* Begin PBXVariantGroup section */
		72D016B126A1B6AF00710743 /* LaunchScreen.storyboard */ = {
			isa = PBXVariantGroup;
			children = (
				72D016B226A1B6AF00710743 /* Base */,
			);
			name = LaunchScreen.storyboard;
			sourceTree = "<group>";
		};
/* End PBXVariantGroup section */

/* Begin XCBuildConfiguration section */
		72D016B526A1B6AF00710743 /* Debug */ = {
			isa = XCBuildConfiguration;
			buildSettings = {
				ALWAYS_SEARCH_USER_PATHS = NO;
				CLANG_ANALYZER_NONNULL = YES;
				CLANG_ANALYZER_NUMBER_OBJECT_CONVERSION = YES_AGGRESSIVE;
				CLANG_CXX_LANGUAGE_STANDARD = "gnu++14";
				CLANG_CXX_LIBRARY = "libc++";
				CLANG_ENABLE_MODULES = YES;
				CLANG_ENABLE_OBJC_ARC = YES;
				CLANG_ENABLE_OBJC_WEAK = YES;
				CLANG_WARN_BLOCK_CAPTURE_AUTORELEASING = YES;
				CLANG_WARN_BOOL_CONVERSION = YES;
				CLANG_WARN_COMMA = YES;
				CLANG_WARN_CONSTANT_CONVERSION = YES;
				CLANG_WARN_DEPRECATED_OBJC_IMPLEMENTATIONS = YES;
				CLANG_WARN_DIRECT_OBJC_ISA_USAGE = YES_ERROR;
				CLANG_WARN_DOCUMENTATION_COMMENTS = YES;
				CLANG_WARN_EMPTY_BODY = YES;
				CLANG_WARN_ENUM_CONVERSION = YES;
				CLANG_WARN_INFINITE_RECURSION = YES;
				CLANG_WARN_INT_CONVERSION = YES;
				CLANG_WARN_NON_LITERAL_NULL_CONVERSION = YES;
				CLANG_WARN_OBJC_IMPLICIT_RETAIN_SELF = YES;
				CLANG_WARN_OBJC_LITERAL_CONVERSION = YES;
				CLANG_WARN_OBJC_ROOT_CLASS = YES_ERROR;
				CLANG_WARN_QUOTED_INCLUDE_IN_FRAMEWORK_HEADER = YES;
				CLANG_WARN_RANGE_LOOP_ANALYSIS = YES;
				CLANG_WARN_STRICT_PROTOTYPES = YES;
				CLANG_WARN_SUSPICIOUS_MOVE = YES;
				CLANG_WARN_UNGUARDED_AVAILABILITY = YES_AGGRESSIVE;
				CLANG_WARN_UNREACHABLE_CODE = YES;
				CLANG_WARN__DUPLICATE_METHOD_MATCH = YES;
				COPY_PHASE_STRIP = NO;
				DEBUG_INFORMATION_FORMAT = dwarf;
				ENABLE_STRICT_OBJC_MSGSEND = YES;
				ENABLE_TESTABILITY = YES;
				GCC_C_LANGUAGE_STANDARD = gnu11;
				GCC_DYNAMIC_NO_PIC = NO;
				GCC_NO_COMMON_BLOCKS = YES;
				GCC_OPTIMIZATION_LEVEL = 0;
				GCC_PREPROCESSOR_DEFINITIONS = (
					"DEBUG=1",
					"$(inherited)",
				);
				GCC_WARN_64_TO_32_BIT_CONVERSION = YES;
				GCC_WARN_ABOUT_RETURN_TYPE = YES_ERROR;
				GCC_WARN_UNDECLARED_SELECTOR = YES;
				GCC_WARN_UNINITIALIZED_AUTOS = YES_AGGRESSIVE;
				GCC_WARN_UNUSED_FUNCTION = YES;
				GCC_WARN_UNUSED_VARIABLE = YES;
				IPHONEOS_DEPLOYMENT_TARGET = 14.5;
				MTL_ENABLE_DEBUG_INFO = INCLUDE_SOURCE;
				MTL_FAST_MATH = YES;
				ONLY_ACTIVE_ARCH = YES;
				SDKROOT = iphoneos;
				SWIFT_ACTIVE_COMPILATION_CONDITIONS = DEBUG;
				SWIFT_OPTIMIZATION_LEVEL = "-Onone";
			};
			name = Debug;
		};
		72D016B626A1B6AF00710743 /* Release */ = {
			isa = XCBuildConfiguration;
			buildSettings = {
				ALWAYS_SEARCH_USER_PATHS = NO;
				CLANG_ANALYZER_NONNULL = YES;
				CLANG_ANALYZER_NUMBER_OBJECT_CONVERSION = YES_AGGRESSIVE;
				CLANG_CXX_LANGUAGE_STANDARD = "gnu++14";
				CLANG_CXX_LIBRARY = "libc++";
				CLANG_ENABLE_MODULES = YES;
				CLANG_ENABLE_OBJC_ARC = YES;
				CLANG_ENABLE_OBJC_WEAK = YES;
				CLANG_WARN_BLOCK_CAPTURE_AUTORELEASING = YES;
				CLANG_WARN_BOOL_CONVERSION = YES;
				CLANG_WARN_COMMA = YES;
				CLANG_WARN_CONSTANT_CONVERSION = YES;
				CLANG_WARN_DEPRECATED_OBJC_IMPLEMENTATIONS = YES;
				CLANG_WARN_DIRECT_OBJC_ISA_USAGE = YES_ERROR;
				CLANG_WARN_DOCUMENTATION_COMMENTS = YES;
				CLANG_WARN_EMPTY_BODY = YES;
				CLANG_WARN_ENUM_CONVERSION = YES;
				CLANG_WARN_INFINITE_RECURSION = YES;
				CLANG_WARN_INT_CONVERSION = YES;
				CLANG_WARN_NON_LITERAL_NULL_CONVERSION = YES;
				CLANG_WARN_OBJC_IMPLICIT_RETAIN_SELF = YES;
				CLANG_WARN_OBJC_LITERAL_CONVERSION = YES;
				CLANG_WARN_OBJC_ROOT_CLASS = YES_ERROR;
				CLANG_WARN_QUOTED_INCLUDE_IN_FRAMEWORK_HEADER = YES;
				CLANG_WARN_RANGE_LOOP_ANALYSIS = YES;
				CLANG_WARN_STRICT_PROTOTYPES = YES;
				CLANG_WARN_SUSPICIOUS_MOVE = YES;
				CLANG_WARN_UNGUARDED_AVAILABILITY = YES_AGGRESSIVE;
				CLANG_WARN_UNREACHABLE_CODE = YES;
				CLANG_WARN__DUPLICATE_METHOD_MATCH = YES;
				COPY_PHASE_STRIP = NO;
				DEBUG_INFORMATION_FORMAT = "dwarf-with-dsym";
				ENABLE_NS_ASSERTIONS = NO;
				ENABLE_STRICT_OBJC_MSGSEND = YES;
				GCC_C_LANGUAGE_STANDARD = gnu11;
				GCC_NO_COMMON_BLOCKS = YES;
				GCC_WARN_64_TO_32_BIT_CONVERSION = YES;
				GCC_WARN_ABOUT_RETURN_TYPE = YES_ERROR;
				GCC_WARN_UNDECLARED_SELECTOR = YES;
				GCC_WARN_UNINITIALIZED_AUTOS = YES_AGGRESSIVE;
				GCC_WARN_UNUSED_FUNCTION = YES;
				GCC_WARN_UNUSED_VARIABLE = YES;
				IPHONEOS_DEPLOYMENT_TARGET = 14.5;
				MTL_ENABLE_DEBUG_INFO = NO;
				MTL_FAST_MATH = YES;
				SDKROOT = iphoneos;
				SWIFT_COMPILATION_MODE = wholemodule;
				SWIFT_OPTIMIZATION_LEVEL = "-O";
				VALIDATE_PRODUCT = YES;
			};
			name = Release;
		};
		72D016B826A1B6AF00710743 /* Debug */ = {
			isa = XCBuildConfiguration;
			buildSettings = {
				ASSETCATALOG_COMPILER_APPICON_NAME = AppIcon;
				ASSETCATALOG_COMPILER_GLOBAL_ACCENT_COLOR_NAME = AccentColor;
				CODE_SIGN_STYLE = Automatic;
				DEVELOPMENT_TEAM = UBXA6XL8QB;
				INFOPLIST_FILE = RoamWheely/Info.plist;
				LD_RUNPATH_SEARCH_PATHS = (
					"$(inherited)",
					"@executable_path/Frameworks",
				);
				PRODUCT_BUNDLE_IDENTIFIER = com.gustavo.RoamWheely;
				PRODUCT_NAME = "$(TARGET_NAME)";
				SWIFT_VERSION = 5.0;
				TARGETED_DEVICE_FAMILY = "1,2";
			};
			name = Debug;
		};
		72D016B926A1B6AF00710743 /* Release */ = {
			isa = XCBuildConfiguration;
			buildSettings = {
				ASSETCATALOG_COMPILER_APPICON_NAME = AppIcon;
				ASSETCATALOG_COMPILER_GLOBAL_ACCENT_COLOR_NAME = AccentColor;
				CODE_SIGN_STYLE = Automatic;
				DEVELOPMENT_TEAM = UBXA6XL8QB;
				INFOPLIST_FILE = RoamWheely/Info.plist;
				LD_RUNPATH_SEARCH_PATHS = (
					"$(inherited)",
					"@executable_path/Frameworks",
				);
				PRODUCT_BUNDLE_IDENTIFIER = com.gustavo.RoamWheely;
				PRODUCT_NAME = "$(TARGET_NAME)";
				SWIFT_VERSION = 5.0;
				TARGETED_DEVICE_FAMILY = "1,2";
			};
			name = Release;
		};
/* End XCBuildConfiguration section */

/* Begin XCConfigurationList section */
		72D0169E26A1B6AB00710743 /* Build configuration list for PBXProject "RoamWheely" */ = {
			isa = XCConfigurationList;
			buildConfigurations = (
				72D016B526A1B6AF00710743 /* Debug */,
				72D016B626A1B6AF00710743 /* Release */,
			);
			defaultConfigurationIsVisible = 0;
			defaultConfigurationName = Release;
		};
		72D016B726A1B6AF00710743 /* Build configuration list for PBXNativeTarget "RoamWheely" */ = {
			isa = XCConfigurationList;
			buildConfigurations = (
				72D016B826A1B6AF00710743 /* Debug */,
				72D016B926A1B6AF00710743 /* Release */,
			);
			defaultConfigurationIsVisible = 0;
			defaultConfigurationName = Release;
		};
/* End XCConfigurationList section */
	};
	rootObject = 72D0169B26A1B6AB00710743 /* Project object */;
}
